
Microsoft Visual Studio Solution File, Format Version 12.00
# Visual Studio Version 17
VisualStudioVersion = 17.12.35707.178
MinimumVisualStudioVersion = 10.0.40219.1
Project("{FAE04EC0-301F-11D3-BF4B-00C04F79EFBC}") = "CircleApp", "..\CircleApp\CircleApp\CircleApp.csproj", "{79CB0EF6-7A29-430D-8C16-0DEECFF37230}"
EndProject
Project("{FAE04EC0-301F-11D3-BF4B-00C04F79EFBC}") = "APTXHub.Infrastructure", "APTXHub.Infrastructure\APTXHub.Infrastructure.csproj", "{C1E0C07C-80B1-4450-9BD0-017F1B765C08}"
EndProject
Project("{FAE04EC0-301F-11D3-BF4B-00C04F79EFBC}") = "CircleApp.Data", "..\CircleApp\CircleApp.Data\CircleApp.Data.csproj", "{F8BD5DE6-08AD-443E-B5AD-826E848C40B2}"
EndProject
Project("{FAE04EC0-301F-11D3-BF4B-00C04F79EFBC}") = "APTXHub", "APTXHub\APTXHub.csproj", "{D33DDAE9-A3AD-456A-8D11-AA7ABDAC9EEC}"
EndProject
Global
	GlobalSection(SolutionConfigurationPlatforms) = preSolution
		Debug|Any CPU = Debug|Any CPU
		Release|Any CPU = Release|Any CPU
	EndGlobalSection
	GlobalSection(ProjectConfigurationPlatforms) = postSolution
		{79CB0EF6-7A29-430D-8C16-0DEECFF37230}.Debug|Any CPU.ActiveCfg = Debug|Any CPU
		{79CB0EF6-7A29-430D-8C16-0DEECFF37230}.Debug|Any CPU.Build.0 = Debug|Any CPU
		{79CB0EF6-7A29-430D-8C16-0DEECFF37230}.Release|Any CPU.ActiveCfg = Release|Any CPU
		{79CB0EF6-7A29-430D-8C16-0DEECFF37230}.Release|Any CPU.Build.0 = Release|Any CPU
		{C1E0C07C-80B1-4450-9BD0-017F1B765C08}.Debug|Any CPU.ActiveCfg = Debug|Any CPU
		{C1E0C07C-80B1-4450-9BD0-017F1B765C08}.Debug|Any CPU.Build.0 = Debug|Any CPU
		{C1E0C07C-80B1-4450-9BD0-017F1B765C08}.Release|Any CPU.ActiveCfg = Release|Any CPU
		{C1E0C07C-80B1-4450-9BD0-017F1B765C08}.Release|Any CPU.Build.0 = Release|Any CPU
		{F8BD5DE6-08AD-443E-B5AD-826E848C40B2}.Debug|Any CPU.ActiveCfg = Debug|Any CPU
		{F8BD5DE6-08AD-443E-B5AD-826E848C40B2}.Debug|Any CPU.Build.0 = Debug|Any CPU
		{F8BD5DE6-08AD-443E-B5AD-826E848C40B2}.Release|Any CPU.ActiveCfg = Release|Any CPU
		{F8BD5DE6-08AD-443E-B5AD-826E848C40B2}.Release|Any CPU.Build.0 = Release|Any CPU
		{D33DDAE9-A3AD-456A-8D11-AA7ABDAC9EEC}.Debug|Any CPU.ActiveCfg = Debug|Any CPU
		{D33DDAE9-A3AD-456A-8D11-AA7ABDAC9EEC}.Debug|Any CPU.Build.0 = Debug|Any CPU
		{D33DDAE9-A3AD-456A-8D11-AA7ABDAC9EEC}.Release|Any CPU.ActiveCfg = Release|Any CPU
		{D33DDAE9-A3AD-456A-8D11-AA7ABDAC9EEC}.Release|Any CPU.Build.0 = Release|Any CPU
	EndGlobalSection
	GlobalSection(SolutionProperties) = preSolution
		HideSolutionNode = FALSE
	EndGlobalSection
EndGlobal
